// !$*UTF8*$!
{
	archiveVersion = 1;
	classes = {
	};
	objectVersion = 56;
	objects = {

/* Begin PBXBuildFile section */
		5EED30CD2E84AFA400A980ED /* AppDelegate.swift in Sources */ = {isa = PBXBuildFile; fileRef = 5EED30CC2E84AFA400A980ED /* AppDelegate.swift */; };
		5EED30CF2E84AFA400A980ED /* SceneDelegate.swift in Sources */ = {isa = PBXBuildFile; fileRef = 5EED30CE2E84AFA400A980ED /* SceneDelegate.swift */; };
		5EED30D12E84AFA400A980ED /* ViewController.swift in Sources */ = {isa = PBXBuildFile; fileRef = 5EED30D02E84AFA400A980ED /* ViewController.swift */; };
		5EED30D42E84AFA400A980ED /* Base in Resources */ = {isa = PBXBuildFile; fileRef = 5EED30D32E84AFA400A980ED /* Base */; };
		5EED30D62E84AFA500A980ED /* Assets.xcassets in Resources */ = {isa = PBXBuildFile; fileRef = 5EED30D52E84AFA500A980ED /* Assets.xcassets */; };
		5EED30D92E84AFA500A980ED /* Base in Resources */ = {isa = PBXBuildFile; fileRef = 5EED30D82E84AFA500A980ED /* Base */; };
		5EED30E42E84AFA500A980ED /* GitReviewTests.swift in Sources */ = {isa = PBXBuildFile; fileRef = 5EED30E32E84AFA500A980ED /* GitReviewTests.swift */; };
		5EED30EE2E84AFA500A980ED /* GitReviewUITests.swift in Sources */ = {isa = PBXBuildFile; fileRef = 5EED30ED2E84AFA500A980ED /* GitReviewUITests.swift */; };
		5EED30F02E84AFA500A980ED /* GitReviewUITestsLaunchTests.swift in Sources */ = {isa = PBXBuildFile; fileRef = 5EED30EF2E84AFA500A980ED /* GitReviewUITestsLaunchTests.swift */; };
		5EED30FD2E84BE2000A980ED /* ViewModel.swift in Sources */ = {isa = PBXBuildFile; fileRef = 5EED30FC2E84BE2000A980ED /* ViewModel.swift */; };
/* End PBXBuildFile section */

/* Begin PBXContainerItemProxy section */
		5EED30E02E84AFA500A980ED /* PBXContainerItemProxy */ = {
			isa = PBXContainerItemProxy;
			containerPortal = 5EED30C12E84AFA300A980ED /* Project object */;
			proxyType = 1;
			remoteGlobalIDString = 5EED30C82E84AFA400A980ED;
			remoteInfo = GitReview;
		};
		5EED30EA2E84AFA500A980ED /* PBXContainerItemProxy */ = {
			isa = PBXContainerItemProxy;
			containerPortal = 5EED30C12E84AFA300A980ED /* Project object */;
			proxyType = 1;
			remoteGlobalIDString = 5EED30C82E84AFA400A980ED;
			remoteInfo = GitReview;
		};
/* End PBXContainerItemProxy section */

/* Begin PBXFileReference section */
		5EED30C92E84AFA400A980ED /* GitReview.app */ = {isa = PBXFileReference; explicitFileType = wrapper.application; includeInIndex = 0; path = GitReview.app; sourceTree = BUILT_PRODUCTS_DIR; };
		5EED30CC2E84AFA400A980ED /* AppDelegate.swift */ = {isa = PBXFileReference; lastKnownFileType = sourcecode.swift; path = AppDelegate.swift; sourceTree = "<group>"; };
		5EED30CE2E84AFA400A980ED /* SceneDelegate.swift */ = {isa = PBXFileReference; lastKnownFileType = sourcecode.swift; path = SceneDelegate.swift; sourceTree = "<group>"; };
		5EED30D02E84AFA400A980ED /* ViewController.swift */ = {isa = PBXFileReference; lastKnownFileType = sourcecode.swift; path = ViewController.swift; sourceTree = "<group>"; };
		5EED30D32E84AFA400A980ED /* Base */ = {isa = PBXFileReference; lastKnownFileType = file.storyboard; name = Base; path = Base.lproj/Main.storyboard; sourceTree = "<group>"; };
		5EED30D52E84AFA500A980ED /* Assets.xcassets */ = {isa = PBXFileReference; lastKnownFileType = folder.assetcatalog; path = Assets.xcassets; sourceTree = "<group>"; };
		5EED30D82E84AFA500A980ED /* Base */ = {isa = PBXFileReference; lastKnownFileType = file.storyboard; name = Base; path = Base.lproj/LaunchScreen.storyboard; sourceTree = "<group>"; };
		5EED30DA2E84AFA500A980ED /* Info.plist */ = {isa = PBXFileReference; lastKnownFileType = text.plist.xml; path = Info.plist; sourceTree = "<group>"; };
		5EED30DF2E84AFA500A980ED /* GitReviewTests.xctest */ = {isa = PBXFileReference; explicitFileType = wrapper.cfbundle; includeInIndex = 0; path = GitReviewTests.xctest; sourceTree = BUILT_PRODUCTS_DIR; };
		5EED30E32E84AFA500A980ED /* GitReviewTests.swift */ = {isa = PBXFileReference; lastKnownFileType = sourcecode.swift; path = GitReviewTests.swift; sourceTree = "<group>"; };
		5EED30E92E84AFA500A980ED /* GitReviewUITests.xctest */ = {isa = PBXFileReference; explicitFileType = wrapper.cfbundle; includeInIndex = 0; path = GitReviewUITests.xctest; sourceTree = BUILT_PRODUCTS_DIR; };
		5EED30ED2E84AFA500A980ED /* GitReviewUITests.swift */ = {isa = PBXFileReference; lastKnownFileType = sourcecode.swift; path = GitReviewUITests.swift; sourceTree = "<group>"; };
		5EED30EF2E84AFA500A980ED /* GitReviewUITestsLaunchTests.swift */ = {isa = PBXFileReference; lastKnownFileType = sourcecode.swift; path = GitReviewUITestsLaunchTests.swift; sourceTree = "<group>"; };
		5EED30FC2E84BE2000A980ED /* ViewModel.swift */ = {isa = PBXFileReference; lastKnownFileType = sourcecode.swift; path = ViewModel.swift; sourceTree = "<group>"; };
/* End PBXFileReference section */

/* Begin PBXFrameworksBuildPhase section */
		5EED30C62E84AFA400A980ED /* Frameworks */ = {
			isa = PBXFrameworksBuildPhase;
			buildActionMask = 2147483647;
			files = (
			);
			runOnlyForDeploymentPostprocessing = 0;
		};
		5EED30DC2E84AFA500A980ED /* Frameworks */ = {
			isa = PBXFrameworksBuildPhase;
			buildActionMask = 2147483647;
			files = (
			);
			runOnlyForDeploymentPostprocessing = 0;
		};
		5EED30E62E84AFA500A980ED /* Frameworks */ = {
			isa = PBXFrameworksBuildPhase;
			buildActionMask = 2147483647;
			files = (
			);
			runOnlyForDeploymentPostprocessing = 0;
		};
/* End PBXFrameworksBuildPhase section */

/* Begin PBXGroup section */
		5EED30C02E84AFA300A980ED = {
			isa = PBXGroup;
			children = (
				5EED30CB2E84AFA400A980ED /* GitReview */,
				5EED30E22E84AFA500A980ED /* GitReviewTests */,
				5EED30EC2E84AFA500A980ED /* GitReviewUITests */,
				5EED30CA2E84AFA400A980ED /* Products */,
			);
			sourceTree = "<group>";
		};
		5EED30CA2E84AFA400A980ED /* Products */ = {
			isa = PBXGroup;
			children = (
				5EED30C92E84AFA400A980ED /* GitReview.app */,
				5EED30DF2E84AFA500A980ED /* GitReviewTests.xctest */,
				5EED30E92E84AFA500A980ED /* GitReviewUITests.xctest */,
			);
			name = Products;
			sourceTree = "<group>";
		};
		5EED30CB2E84AFA400A980ED /* GitReview */ = {
			isa = PBXGroup;
			children = (
				5EED30CC2E84AFA400A980ED /* AppDelegate.swift */,
				5EED30CE2E84AFA400A980ED /* SceneDelegate.swift */,
				5EED30D02E84AFA400A980ED /* ViewController.swift */,
				5EED30D22E84AFA400A980ED /* Main.storyboard */,
				5EED30D52E84AFA500A980ED /* Assets.xcassets */,
				5EED30D72E84AFA500A980ED /* LaunchScreen.storyboard */,
				5EED30DA2E84AFA500A980ED /* Info.plist */,
				5EED30FC2E84BE2000A980ED /* ViewModel.swift */,
			);
			path = GitReview;
			sourceTree = "<group>";
		};
		5EED30E22E84AFA500A980ED /* GitReviewTests */ = {
			isa = PBXGroup;
			children = (
				5EED30E32E84AFA500A980ED /* GitReviewTests.swift */,
			);
			path = GitReviewTests;
			sourceTree = "<group>";
		};
		5EED30EC2E84AFA500A980ED /* GitReviewUITests */ = {
			isa = PBXGroup;
			children = (
				5EED30ED2E84AFA500A980ED /* GitReviewUITests.swift */,
				5EED30EF2E84AFA500A980ED /* GitReviewUITestsLaunchTests.swift */,
			);
			path = GitReviewUITests;
			sourceTree = "<group>";
		};
/* End PBXGroup section */

/* Begin PBXNativeTarget section */
		5EED30C82E84AFA400A980ED /* GitReview */ = {
			isa = PBXNativeTarget;
			buildConfigurationList = 5EED30F32E84AFA500A980ED /* Build configuration list for PBXNativeTarget "GitReview" */;
			buildPhases = (
				5EED30C52E84AFA400A980ED /* Sources */,
				5EED30C62E84AFA400A980ED /* Frameworks */,
				5EED30C72E84AFA400A980ED /* Resources */,
			);
			buildRules = (
			);
			dependencies = (
			);
			name = GitReview;
			productName = GitReview;
			productReference = 5EED30C92E84AFA400A980ED /* GitReview.app */;
			productType = "com.apple.product-type.application";
		};
		5EED30DE2E84AFA500A980ED /* GitReviewTests */ = {
			isa = PBXNativeTarget;
			buildConfigurationList = 5EED30F62E84AFA500A980ED /* Build configuration list for PBXNativeTarget "GitReviewTests" */;
			buildPhases = (
				5EED30DB2E84AFA500A980ED /* Sources */,
				5EED30DC2E84AFA500A980ED /* Frameworks */,
				5EED30DD2E84AFA500A980ED /* Resources */,
			);
			buildRules = (
			);
			dependencies = (
				5EED30E12E84AFA500A980ED /* PBXTargetDependency */,
			);
			name = GitReviewTests;
			productName = GitReviewTests;
			productReference = 5EED30DF2E84AFA500A980ED /* GitReviewTests.xctest */;
			productType = "com.apple.product-type.bundle.unit-test";
		};
		5EED30E82E84AFA500A980ED /* GitReviewUITests */ = {
			isa = PBXNativeTarget;
			buildConfigurationList = 5EED30F92E84AFA500A980ED /* Build configuration list for PBXNativeTarget "GitReviewUITests" */;
			buildPhases = (
				5EED30E52E84AFA500A980ED /* Sources */,
				5EED30E62E84AFA500A980ED /* Frameworks */,
				5EED30E72E84AFA500A980ED /* Resources */,
			);
			buildRules = (
			);
			dependencies = (
				5EED30EB2E84AFA500A980ED /* PBXTargetDependency */,
			);
			name = GitReviewUITests;
			productName = GitReviewUITests;
			productReference = 5EED30E92E84AFA500A980ED /* GitReviewUITests.xctest */;
			productType = "com.apple.product-type.bundle.ui-testing";
		};
/* End PBXNativeTarget section */

/* Begin PBXProject section */
		5EED30C12E84AFA300A980ED /* Project object */ = {
			isa = PBXProject;
			attributes = {
				BuildIndependentTargetsInParallel = 1;
				LastSwiftUpdateCheck = 1540;
				LastUpgradeCheck = 1540;
				TargetAttributes = {
					5EED30C82E84AFA400A980ED = {
						CreatedOnToolsVersion = 15.4;
					};
					5EED30DE2E84AFA500A980ED = {
						CreatedOnToolsVersion = 15.4;
						TestTargetID = 5EED30C82E84AFA400A980ED;
					};
					5EED30E82E84AFA500A980ED = {
						CreatedOnToolsVersion = 15.4;
						TestTargetID = 5EED30C82E84AFA400A980ED;
					};
				};
			};
			buildConfigurationList = 5EED30C42E84AFA300A980ED /* Build configuration list for PBXProject "GitReview" */;
			compatibilityVersion = "Xcode 14.0";
			developmentRegion = en;
			hasScannedForEncodings = 0;
			knownRegions = (
				en,
				Base,
			);
			mainGroup = 5EED30C02E84AFA300A980ED;
			productRefGroup = 5EED30CA2E84AFA400A980ED /* Products */;
			projectDirPath = "";
			projectRoot = "";
			targets = (
				5EED30C82E84AFA400A980ED /* GitReview */,
				5EED30DE2E84AFA500A980ED /* GitReviewTests */,
				5EED30E82E84AFA500A980ED /* GitReviewUITests */,
			);
		};
/* End PBXProject section */

/* Begin PBXResourcesBuildPhase section */
		5EED30C72E84AFA400A980ED /* Resources */ = {
			isa = PBXResourcesBuildPhase;
			buildActionMask = 2147483647;
			files = (
				5EED30D62E84AFA500A980ED /* Assets.xcassets in Resources */,
				5EED30D92E84AFA500A980ED /* Base in Resources */,
				5EED30D42E84AFA400A980ED /* Base in Resources */,
			);
			runOnlyForDeploymentPostprocessing = 0;
		};
		5EED30DD2E84AFA500A980ED /* Resources */ = {
			isa = PBXResourcesBuildPhase;
			buildActionMask = 2147483647;
			files = (
			);
			runOnlyForDeploymentPostprocessing = 0;
		};
		5EED30E72E84AFA500A980ED /* Resources */ = {
			isa = PBXResourcesBuildPhase;
			buildActionMask = 2147483647;
			files = (
			);
			runOnlyForDeploymentPostprocessing = 0;
		};
/* End PBXResourcesBuildPhase section */

/* Begin PBXSourcesBuildPhase section */
		5EED30C52E84AFA400A980ED /* Sources */ = {
			isa = PBXSourcesBuildPhase;
			buildActionMask = 2147483647;
			files = (
				5EED30D12E84AFA400A980ED /* ViewController.swift in Sources */,
				5EED30CD2E84AFA400A980ED /* AppDelegate.swift in Sources */,
				5EED30FD2E84BE2000A980ED /* ViewModel.swift in Sources */,
				5EED30CF2E84AFA400A980ED /* SceneDelegate.swift in Sources */,
			);
			runOnlyForDeploymentPostprocessing = 0;
		};
		5EED30DB2E84AFA500A980ED /* Sources */ = {
			isa = PBXSourcesBuildPhase;
			buildActionMask = 2147483647;
			files = (
				5EED30E42E84AFA500A980ED /* GitReviewTests.swift in Sources */,
			);
			runOnlyForDeploymentPostprocessing = 0;
		};
		5EED30E52E84AFA500A980ED /* Sources */ = {
			isa = PBXSourcesBuildPhase;
			buildActionMask = 2147483647;
			files = (
				5EED30EE2E84AFA500A980ED /* GitReviewUITests.swift in Sources */,
				5EED30F02E84AFA500A980ED /* GitReviewUITestsLaunchTests.swift in Sources */,
			);
			runOnlyForDeploymentPostprocessing = 0;
		};
/* End PBXSourcesBuildPhase section */

/* Begin PBXTargetDependency section */
		5EED30E12E84AFA500A980ED /* PBXTargetDependency */ = {
			isa = PBXTargetDependency;
			target = 5EED30C82E84AFA400A980ED /* GitReview */;
			targetProxy = 5EED30E02E84AFA500A980ED /* PBXContainerItemProxy */;
		};
		5EED30EB2E84AFA500A980ED /* PBXTargetDependency */ = {
			isa = PBXTargetDependency;
			target = 5EED30C82E84AFA400A980ED /* GitReview */;
			targetProxy = 5EED30EA2E84AFA500A980ED /* PBXContainerItemProxy */;
		};
/* End PBXTargetDependency section */

/* Begin PBXVariantGroup section */
		5EED30D22E84AFA400A980ED /* Main.storyboard */ = {
			isa = PBXVariantGroup;
			children = (
				5EED30D32E84AFA400A980ED /* Base */,
			);
			name = Main.storyboard;
			sourceTree = "<group>";
		};
		5EED30D72E84AFA500A980ED /* LaunchScreen.storyboard */ = {
			isa = PBXVariantGroup;
			children = (
				5EED30D82E84AFA500A980ED /* Base */,
			);
			name = LaunchScreen.storyboard;
			sourceTree = "<group>";
		};
/* End PBXVariantGroup section */

/* Begin XCBuildConfiguration section */
		5EED30F12E84AFA500A980ED /* Debug */ = {
			isa = XCBuildConfiguration;
			buildSettings = {
				ALWAYS_SEARCH_USER_PATHS = NO;
				ASSETCATALOG_COMPILER_GENERATE_SWIFT_ASSET_SYMBOL_EXTENSIONS = YES;
				CLANG_ANALYZER_NONNULL = YES;
				CLANG_ANALYZER_NUMBER_OBJECT_CONVERSION = YES_AGGRESSIVE;
				CLANG_CXX_LANGUAGE_STANDARD = "gnu++20";
				CLANG_ENABLE_MODULES = YES;
				CLANG_ENABLE_OBJC_ARC = YES;
				CLANG_ENABLE_OBJC_WEAK = YES;
				CLANG_WARN_BLOCK_CAPTURE_AUTORELEASING = YES;
				CLANG_WARN_BOOL_CONVERSION = YES;
				CLANG_WARN_COMMA = YES;
				CLANG_WARN_CONSTANT_CONVERSION = YES;
				CLANG_WARN_DEPRECATED_OBJC_IMPLEMENTATIONS = YES;
				CLANG_WARN_DIRECT_OBJC_ISA_USAGE = YES_ERROR;
				CLANG_WARN_DOCUMENTATION_COMMENTS = YES;
				CLANG_WARN_EMPTY_BODY = YES;
				CLANG_WARN_ENUM_CONVERSION = YES;
				CLANG_WARN_INFINITE_RECURSION = YES;
				CLANG_WARN_INT_CONVERSION = YES;
				CLANG_WARN_NON_LITERAL_NULL_CONVERSION = YES;
				CLANG_WARN_OBJC_IMPLICIT_RETAIN_SELF = YES;
				CLANG_WARN_OBJC_LITERAL_CONVERSION = YES;
				CLANG_WARN_OBJC_ROOT_CLASS = YES_ERROR;
				CLANG_WARN_QUOTED_INCLUDE_IN_FRAMEWORK_HEADER = YES;
				CLANG_WARN_RANGE_LOOP_ANALYSIS = YES;
				CLANG_WARN_STRICT_PROTOTYPES = YES;
				CLANG_WARN_SUSPICIOUS_MOVE = YES;
				CLANG_WARN_UNGUARDED_AVAILABILITY = YES_AGGRESSIVE;
				CLANG_WARN_UNREACHABLE_CODE = YES;
				CLANG_WARN__DUPLICATE_METHOD_MATCH = YES;
				COPY_PHASE_STRIP = NO;
				DEBUG_INFORMATION_FORMAT = dwarf;
				ENABLE_STRICT_OBJC_MSGSEND = YES;
				ENABLE_TESTABILITY = YES;
				ENABLE_USER_SCRIPT_SANDBOXING = YES;
				GCC_C_LANGUAGE_STANDARD = gnu17;
				GCC_DYNAMIC_NO_PIC = NO;
				GCC_NO_COMMON_BLOCKS = YES;
				GCC_OPTIMIZATION_LEVEL = 0;
				GCC_PREPROCESSOR_DEFINITIONS = (
					"DEBUG=1",
					"$(inherited)",
				);
				GCC_WARN_64_TO_32_BIT_CONVERSION = YES;
				GCC_WARN_ABOUT_RETURN_TYPE = YES_ERROR;
				GCC_WARN_UNDECLARED_SELECTOR = YES;
				GCC_WARN_UNINITIALIZED_AUTOS = YES_AGGRESSIVE;
				GCC_WARN_UNUSED_FUNCTION = YES;
				GCC_WARN_UNUSED_VARIABLE = YES;
				IPHONEOS_DEPLOYMENT_TARGET = 17.5;
				LOCALIZATION_PREFERS_STRING_CATALOGS = YES;
				MTL_ENABLE_DEBUG_INFO = INCLUDE_SOURCE;
				MTL_FAST_MATH = YES;
				ONLY_ACTIVE_ARCH = YES;
				SDKROOT = iphoneos;
				SWIFT_ACTIVE_COMPILATION_CONDITIONS = "DEBUG $(inherited)";
				SWIFT_OPTIMIZATION_LEVEL = "-Onone";
			};
			name = Debug;
		};
		5EED30F22E84AFA500A980ED /* Release */ = {
			isa = XCBuildConfiguration;
			buildSettings = {
				ALWAYS_SEARCH_USER_PATHS = NO;
				ASSETCATALOG_COMPILER_GENERATE_SWIFT_ASSET_SYMBOL_EXTENSIONS = YES;
				CLANG_ANALYZER_NONNULL = YES;
				CLANG_ANALYZER_NUMBER_OBJECT_CONVERSION = YES_AGGRESSIVE;
				CLANG_CXX_LANGUAGE_STANDARD = "gnu++20";
				CLANG_ENABLE_MODULES = YES;
				CLANG_ENABLE_OBJC_ARC = YES;
				CLANG_ENABLE_OBJC_WEAK = YES;
				CLANG_WARN_BLOCK_CAPTURE_AUTORELEASING = YES;
				CLANG_WARN_BOOL_CONVERSION = YES;
				CLANG_WARN_COMMA = YES;
				CLANG_WARN_CONSTANT_CONVERSION = YES;
				CLANG_WARN_DEPRECATED_OBJC_IMPLEMENTATIONS = YES;
				CLANG_WARN_DIRECT_OBJC_ISA_USAGE = YES_ERROR;
				CLANG_WARN_DOCUMENTATION_COMMENTS = YES;
				CLANG_WARN_EMPTY_BODY = YES;
				CLANG_WARN_ENUM_CONVERSION = YES;
				CLANG_WARN_INFINITE_RECURSION = YES;
				CLANG_WARN_INT_CONVERSION = YES;
				CLANG_WARN_NON_LITERAL_NULL_CONVERSION = YES;
				CLANG_WARN_OBJC_IMPLICIT_RETAIN_SELF = YES;
				CLANG_WARN_OBJC_LITERAL_CONVERSION = YES;
				CLANG_WARN_OBJC_ROOT_CLASS = YES_ERROR;
				CLANG_WARN_QUOTED_INCLUDE_IN_FRAMEWORK_HEADER = YES;
				CLANG_WARN_RANGE_LOOP_ANALYSIS = YES;
				CLANG_WARN_STRICT_PROTOTYPES = YES;
				CLANG_WARN_SUSPICIOUS_MOVE = YES;
				CLANG_WARN_UNGUARDED_AVAILABILITY = YES_AGGRESSIVE;
				CLANG_WARN_UNREACHABLE_CODE = YES;
				CLANG_WARN__DUPLICATE_METHOD_MATCH = YES;
				COPY_PHASE_STRIP = NO;
				DEBUG_INFORMATION_FORMAT = "dwarf-with-dsym";
				ENABLE_NS_ASSERTIONS = NO;
				ENABLE_STRICT_OBJC_MSGSEND = YES;
				ENABLE_USER_SCRIPT_SANDBOXING = YES;
				GCC_C_LANGUAGE_STANDARD = gnu17;
				GCC_NO_COMMON_BLOCKS = YES;
				GCC_WARN_64_TO_32_BIT_CONVERSION = YES;
				GCC_WARN_ABOUT_RETURN_TYPE = YES_ERROR;
				GCC_WARN_UNDECLARED_SELECTOR = YES;
				GCC_WARN_UNINITIALIZED_AUTOS = YES_AGGRESSIVE;
				GCC_WARN_UNUSED_FUNCTION = YES;
				GCC_WARN_UNUSED_VARIABLE = YES;
				IPHONEOS_DEPLOYMENT_TARGET = 17.5;
				LOCALIZATION_PREFERS_STRING_CATALOGS = YES;
				MTL_ENABLE_DEBUG_INFO = NO;
				MTL_FAST_MATH = YES;
				SDKROOT = iphoneos;
				SWIFT_COMPILATION_MODE = wholemodule;
				VALIDATE_PRODUCT = YES;
			};
			name = Release;
		};
		5EED30F42E84AFA500A980ED /* Debug */ = {
			isa = XCBuildConfiguration;
			buildSettings = {
				ASSETCATALOG_COMPILER_APPICON_NAME = AppIcon;
				ASSETCATALOG_COMPILER_GLOBAL_ACCENT_COLOR_NAME = AccentColor;
				CODE_SIGN_STYLE = Automatic;
				CURRENT_PROJECT_VERSION = 1;
				DEVELOPMENT_TEAM = Z84GQ55RVN;
				GENERATE_INFOPLIST_FILE = YES;
				INFOPLIST_FILE = GitReview/Info.plist;
				INFOPLIST_KEY_UIApplicationSupportsIndirectInputEvents = YES;
				INFOPLIST_KEY_UILaunchStoryboardName = LaunchScreen;
				INFOPLIST_KEY_UIMainStoryboardFile = Main;
				INFOPLIST_KEY_UISupportedInterfaceOrientations_iPad = "UIInterfaceOrientationPortrait UIInterfaceOrientationPortraitUpsideDown UIInterfaceOrientationLandscapeLeft UIInterfaceOrientationLandscapeRight";
				INFOPLIST_KEY_UISupportedInterfaceOrientations_iPhone = "UIInterfaceOrientationPortrait UIInterfaceOrientationLandscapeLeft UIInterfaceOrientationLandscapeRight";
				LD_RUNPATH_SEARCH_PATHS = (
					"$(inherited)",
					"@executable_path/Frameworks",
				);
				MARKETING_VERSION = 1.0;
				PRODUCT_BUNDLE_IDENTIFIER = ss.corp.GitReview;
				PRODUCT_NAME = "$(TARGET_NAME)";
				SWIFT_EMIT_LOC_STRINGS = YES;
				SWIFT_VERSION = 5.0;
				TARGETED_DEVICE_FAMILY = "1,2";
			};
			name = Debug;
		};
		5EED30F52E84AFA500A980ED /* Release */ = {
			isa = XCBuildConfiguration;
			buildSettings = {
				ASSETCATALOG_COMPILER_APPICON_NAME = AppIcon;
				ASSETCATALOG_COMPILER_GLOBAL_ACCENT_COLOR_NAME = AccentColor;
				CODE_SIGN_STYLE = Automatic;
				CURRENT_PROJECT_VERSION = 1;
				DEVELOPMENT_TEAM = Z84GQ55RVN;
				GENERATE_INFOPLIST_FILE = YES;
				INFOPLIST_FILE = GitReview/Info.plist;
				INFOPLIST_KEY_UIApplicationSupportsIndirectInputEvents = YES;
				INFOPLIST_KEY_UILaunchStoryboardName = LaunchScreen;
				INFOPLIST_KEY_UIMainStoryboardFile = Main;
				INFOPLIST_KEY_UISupportedInterfaceOrientations_iPad = "UIInterfaceOrientationPortrait UIInterfaceOrientationPortraitUpsideDown UIInterfaceOrientationLandscapeLeft UIInterfaceOrientationLandscapeRight";
				INFOPLIST_KEY_UISupportedInterfaceOrientations_iPhone = "UIInterfaceOrientationPortrait UIInterfaceOrientationLandscapeLeft UIInterfaceOrientationLandscapeRight";
				LD_RUNPATH_SEARCH_PATHS = (
					"$(inherited)",
					"@executable_path/Frameworks",
				);
				MARKETING_VERSION = 1.0;
				PRODUCT_BUNDLE_IDENTIFIER = ss.corp.GitReview;
				PRODUCT_NAME = "$(TARGET_NAME)";
				SWIFT_EMIT_LOC_STRINGS = YES;
				SWIFT_VERSION = 5.0;
				TARGETED_DEVICE_FAMILY = "1,2";
			};
			name = Release;
		};
		5EED30F72E84AFA500A980ED /* Debug */ = {
			isa = XCBuildConfiguration;
			buildSettings = {
				ALWAYS_EMBED_SWIFT_STANDARD_LIBRARIES = YES;
				BUNDLE_LOADER = "$(TEST_HOST)";
				CODE_SIGN_STYLE = Automatic;
				CURRENT_PROJECT_VERSION = 1;
				DEVELOPMENT_TEAM = Z84GQ55RVN;
				GENERATE_INFOPLIST_FILE = YES;
				IPHONEOS_DEPLOYMENT_TARGET = 17.5;
				MARKETING_VERSION = 1.0;
				PRODUCT_BUNDLE_IDENTIFIER = ss.corp.GitReviewTests;
				PRODUCT_NAME = "$(TARGET_NAME)";
				SWIFT_EMIT_LOC_STRINGS = NO;
				SWIFT_VERSION = 5.0;
				TARGETED_DEVICE_FAMILY = "1,2";
				TEST_HOST = "$(BUILT_PRODUCTS_DIR)/GitReview.app/$(BUNDLE_EXECUTABLE_FOLDER_PATH)/GitReview";
			};
			name = Debug;
		};
		5EED30F82E84AFA500A980ED /* Release */ = {
			isa = XCBuildConfiguration;
			buildSettings = {
				ALWAYS_EMBED_SWIFT_STANDARD_LIBRARIES = YES;
				BUNDLE_LOADER = "$(TEST_HOST)";
				CODE_SIGN_STYLE = Automatic;
				CURRENT_PROJECT_VERSION = 1;
				DEVELOPMENT_TEAM = Z84GQ55RVN;
				GENERATE_INFOPLIST_FILE = YES;
				IPHONEOS_DEPLOYMENT_TARGET = 17.5;
				MARKETING_VERSION = 1.0;
				PRODUCT_BUNDLE_IDENTIFIER = ss.corp.GitReviewTests;
				PRODUCT_NAME = "$(TARGET_NAME)";
				SWIFT_EMIT_LOC_STRINGS = NO;
				SWIFT_VERSION = 5.0;
				TARGETED_DEVICE_FAMILY = "1,2";
				TEST_HOST = "$(BUILT_PRODUCTS_DIR)/GitReview.app/$(BUNDLE_EXECUTABLE_FOLDER_PATH)/GitReview";
			};
			name = Release;
		};
		5EED30FA2E84AFA500A980ED /* Debug */ = {
			isa = XCBuildConfiguration;
			buildSettings = {
				ALWAYS_EMBED_SWIFT_STANDARD_LIBRARIES = YES;
				CODE_SIGN_STYLE = Automatic;
				CURRENT_PROJECT_VERSION = 1;
				DEVELOPMENT_TEAM = Z84GQ55RVN;
				GENERATE_INFOPLIST_FILE = YES;
				MARKETING_VERSION = 1.0;
				PRODUCT_BUNDLE_IDENTIFIER = ss.corp.GitReviewUITests;
				PRODUCT_NAME = "$(TARGET_NAME)";
				SWIFT_EMIT_LOC_STRINGS = NO;
				SWIFT_VERSION = 5.0;
				TARGETED_DEVICE_FAMILY = "1,2";
				TEST_TARGET_NAME = GitReview;
			};
			name = Debug;
		};
		5EED30FB2E84AFA500A980ED /* Release */ = {
			isa = XCBuildConfiguration;
			buildSettings = {
				ALWAYS_EMBED_SWIFT_STANDARD_LIBRARIES = YES;
				CODE_SIGN_STYLE = Automatic;
				CURRENT_PROJECT_VERSION = 1;
				DEVELOPMENT_TEAM = Z84GQ55RVN;
				GENERATE_INFOPLIST_FILE = YES;
				MARKETING_VERSION = 1.0;
				PRODUCT_BUNDLE_IDENTIFIER = ss.corp.GitReviewUITests;
				PRODUCT_NAME = "$(TARGET_NAME)";
				SWIFT_EMIT_LOC_STRINGS = NO;
				SWIFT_VERSION = 5.0;
				TARGETED_DEVICE_FAMILY = "1,2";
				TEST_TARGET_NAME = GitReview;
			};
			name = Release;
		};
/* End XCBuildConfiguration section */

/* Begin XCConfigurationList section */
		5EED30C42E84AFA300A980ED /* Build configuration list for PBXProject "GitReview" */ = {
			isa = XCConfigurationList;
			buildConfigurations = (
				5EED30F12E84AFA500A980ED /* Debug */,
				5EED30F22E84AFA500A980ED /* Release */,
			);
			defaultConfigurationIsVisible = 0;
			defaultConfigurationName = Release;
		};
		5EED30F32E84AFA500A980ED /* Build configuration list for PBXNativeTarget "GitReview" */ = {
			isa = XCConfigurationList;
			buildConfigurations = (
				5EED30F42E84AFA500A980ED /* Debug */,
				5EED30F52E84AFA500A980ED /* Release */,
			);
			defaultConfigurationIsVisible = 0;
			defaultConfigurationName = Release;
		};
		5EED30F62E84AFA500A980ED /* Build configuration list for PBXNativeTarget "GitReviewTests" */ = {
			isa = XCConfigurationList;
			buildConfigurations = (
				5EED30F72E84AFA500A980ED /* Debug */,
				5EED30F82E84AFA500A980ED /* Release */,
			);
			defaultConfigurationIsVisible = 0;
			defaultConfigurationName = Release;
		};
		5EED30F92E84AFA500A980ED /* Build configuration list for PBXNativeTarget "GitReviewUITests" */ = {
			isa = XCConfigurationList;
			buildConfigurations = (
				5EED30FA2E84AFA500A980ED /* Debug */,
				5EED30FB2E84AFA500A980ED /* Release */,
			);
			defaultConfigurationIsVisible = 0;
			defaultConfigurationName = Release;
		};
/* End XCConfigurationList section */
	};
	rootObject = 5EED30C12E84AFA300A980ED /* Project object */;
}
